// !$*UTF8*$!
{
	archiveVersion = 1;
	classes = {
	};
	objectVersion = 77;
	objects = {

/* Begin PBXBuildFile section */
		04D73B890EB765A6881B7365 /* Persistence in Frameworks */ = {isa = PBXBuildFile; productRef = F1D39B35E5B78D7039B7946C /* Persistence */; };
		060D8771CE9E027FCDB09ACE /* TreeEngineReorderTests.swift in Sources */ = {isa = PBXBuildFile; fileRef = 198D797D3237629D84D6574A /* TreeEngineReorderTests.swift */; };
		0A16651A7BC95F88103BA122 /* Domain in Frameworks */ = {isa = PBXBuildFile; productRef = A97A64D9B8B5FCB4F4596254 /* Domain */; };
		1A0B5D5277CE53A65FA6D7B6 /* PersistenceStackTests.swift in Sources */ = {isa = PBXBuildFile; fileRef = 6333E421FA3C467DD6B1FC32 /* PersistenceStackTests.swift */; };
		1BC21E1BC964B3FB71DCB5D4 /* AppStoreExportImportTests.swift in Sources */ = {isa = PBXBuildFile; fileRef = 64EEE7C32951799279EFE079 /* AppStoreExportImportTests.swift */; };
		261BE58F845B63AB922A6903 /* ImportPlannerTests.swift in Sources */ = {isa = PBXBuildFile; fileRef = BB05726F36C05D4DFF6B7603 /* ImportPlannerTests.swift */; };
		2B1A03CA895B6A5178659361 /* ContentViewExportFilenameTests.swift in Sources */ = {isa = PBXBuildFile; fileRef = 64C6D5584915F7AEEC43C04F /* ContentViewExportFilenameTests.swift */; };
		2B3F5E9CDDF2664F3C8C13BA /* ListsurfApp.swift in Sources */ = {isa = PBXBuildFile; fileRef = 381BB974398C3B1771AC6076 /* ListsurfApp.swift */; };
		300AA94F0D7736B139E2CED3 /* PersistenceStackTests.swift in Sources */ = {isa = PBXBuildFile; fileRef = 6333E421FA3C467DD6B1FC32 /* PersistenceStackTests.swift */; };
		387B386B50AD3FF3A2D18E2F /* ListsurfApp.swift in Sources */ = {isa = PBXBuildFile; fileRef = 381BB974398C3B1771AC6076 /* ListsurfApp.swift */; };
		404060D2BD0DBA7CE3977DF6 /* ListStoreCheckToggleTests.swift in Sources */ = {isa = PBXBuildFile; fileRef = 92BEDA56DBA6A454E8568D06 /* ListStoreCheckToggleTests.swift */; };
		45E7E4865D76EEA6B4A807A6 /* AppStoreExportImportTests.swift in Sources */ = {isa = PBXBuildFile; fileRef = 64EEE7C32951799279EFE079 /* AppStoreExportImportTests.swift */; };
		464DB6D8F9509B3663C8A70D /* ListStorePersistenceTests.swift in Sources */ = {isa = PBXBuildFile; fileRef = FD47F2E0D8AB9E6BCAA24598 /* ListStorePersistenceTests.swift */; };
		485C8EB6EC889B0B510968F7 /* Features in Frameworks */ = {isa = PBXBuildFile; productRef = 612D6A7467094FC9D904EF31 /* Features */; };
		4FD8A8185A90100AC9BA72BD /* Assets.xcassets in Resources */ = {isa = PBXBuildFile; fileRef = E596D00A45E2A16387F9EBBA /* Assets.xcassets */; };
		52CFADE9A0AFF4F8638BBC40 /* Features in Frameworks */ = {isa = PBXBuildFile; productRef = 15D449EADD6AB0B1808B7799 /* Features */; };
		585C2BC4AA461CAC38E1ADF1 /* Listsurf_macOSUITests.swift in Sources */ = {isa = PBXBuildFile; fileRef = 468653C87021C1129C8D3CE2 /* Listsurf_macOSUITests.swift */; };
		5AA8BA968490582CBD4D4A1F /* PrivacyInfo.xcprivacy in Resources */ = {isa = PBXBuildFile; fileRef = FC95DFD9A1535CA110E3DB8D /* PrivacyInfo.xcprivacy */; };
		5C43F676AEA4A4B113CE6D43 /* Persistence in Frameworks */ = {isa = PBXBuildFile; productRef = ACB2D7DD86014ED66252B5A0 /* Persistence */; };
		614C0A70EC2A23C336024AC3 /* TreeEngineTests.swift in Sources */ = {isa = PBXBuildFile; fileRef = 6108498B78633A46A33B8646 /* TreeEngineTests.swift */; };
		6331436AB3C6050915EE3A52 /* Domain in Frameworks */ = {isa = PBXBuildFile; productRef = 4601F91B9DF59FFDE1B64DC9 /* Domain */; };
		6D130EE30C03B2A9A9C87D1C /* ListStoreUndoTests.swift in Sources */ = {isa = PBXBuildFile; fileRef = 84528739F5651E7226F1D938 /* ListStoreUndoTests.swift */; };
		7047217D18C44730B4BEF665 /* Listsurf_iOSUITests.swift in Sources */ = {isa = PBXBuildFile; fileRef = 442B43B6390F4FF4A5BBB824 /* Listsurf_iOSUITests.swift */; };
		72E37402CBE9B6CDF02BC66A /* MarkdownExportTests.swift in Sources */ = {isa = PBXBuildFile; fileRef = A027FEDAF26D882F14D99A7F /* MarkdownExportTests.swift */; };
		7315A5141C567537F2DFED4D /* ExportTests.swift in Sources */ = {isa = PBXBuildFile; fileRef = BB4BB5FF121D8510A85F9237 /* ExportTests.swift */; };
		74976407D02C234C4EEB5AFE /* ListStoreMoveRowsTests.swift in Sources */ = {isa = PBXBuildFile; fileRef = 4D3A9CA1FB7108141AF8DD65 /* ListStoreMoveRowsTests.swift */; };
		77789F2FB1C9230335FBEF72 /* Domain in Frameworks */ = {isa = PBXBuildFile; productRef = BCE6AF1EC704498F1C09F7A6 /* Domain */; };
		7870DB278F633C353CC2C732 /* TreeEngineReorderTests.swift in Sources */ = {isa = PBXBuildFile; fileRef = 198D797D3237629D84D6574A /* TreeEngineReorderTests.swift */; };
		7E5FF0F83CE1C5DED47A3B12 /* CoreDataDiagnosticsTests.swift in Sources */ = {isa = PBXBuildFile; fileRef = F00F5DBB30801B63485ECB9D /* CoreDataDiagnosticsTests.swift */; };
		7F536B17988859A1A0E6CE8D /* ImportPlannerTests.swift in Sources */ = {isa = PBXBuildFile; fileRef = BB05726F36C05D4DFF6B7603 /* ImportPlannerTests.swift */; };
		9242FA81FFD089CCB8C72B63 /* PrivacyInfo.xcprivacy in Resources */ = {isa = PBXBuildFile; fileRef = FC95DFD9A1535CA110E3DB8D /* PrivacyInfo.xcprivacy */; };
		99D6D9D58C32F6B7485CF6D0 /* MarkdownExportTests.swift in Sources */ = {isa = PBXBuildFile; fileRef = A027FEDAF26D882F14D99A7F /* MarkdownExportTests.swift */; };
		A1B6F4D2AF103C5CE9C88F24 /* ListStorePersistenceTests.swift in Sources */ = {isa = PBXBuildFile; fileRef = FD47F2E0D8AB9E6BCAA24598 /* ListStorePersistenceTests.swift */; };
		A64BCEA857B955D99E0EDCAD /* OPMLCodecTests.swift in Sources */ = {isa = PBXBuildFile; fileRef = 6AA9A0A5D91B13E21074CB49 /* OPMLCodecTests.swift */; };
		AE30AE8EAC74D8A8E27BA9B9 /* CoreDataDiagnosticsTests.swift in Sources */ = {isa = PBXBuildFile; fileRef = F00F5DBB30801B63485ECB9D /* CoreDataDiagnosticsTests.swift */; };
		B62174526586EA4AC072F989 /* ListStoreCheckToggleTests.swift in Sources */ = {isa = PBXBuildFile; fileRef = 92BEDA56DBA6A454E8568D06 /* ListStoreCheckToggleTests.swift */; };
		C18AB7AA988149D102942319 /* Assets.xcassets in Resources */ = {isa = PBXBuildFile; fileRef = E596D00A45E2A16387F9EBBA /* Assets.xcassets */; };
		C42829FB4DE842A49C741970 /* TreeEngineTests.swift in Sources */ = {isa = PBXBuildFile; fileRef = 6108498B78633A46A33B8646 /* TreeEngineTests.swift */; };
		D2BE1E360A276E8D91FA6339 /* Features in Frameworks */ = {isa = PBXBuildFile; productRef = EC2DEADB41298DF100C18397 /* Features */; };
		D30AAFEBE521108DCF654301 /* ExportTests.swift in Sources */ = {isa = PBXBuildFile; fileRef = BB4BB5FF121D8510A85F9237 /* ExportTests.swift */; };
		D3DE5C20F7AEFF32B52FD30B /* ListStoreUndoTests.swift in Sources */ = {isa = PBXBuildFile; fileRef = 84528739F5651E7226F1D938 /* ListStoreUndoTests.swift */; };
		D62EBE8307D37ECE74897052 /* Features in Frameworks */ = {isa = PBXBuildFile; productRef = 74D3E44A8AB016EAD31E55B4 /* Features */; };
		DF012DBA6E76A1B0016B569D /* Persistence in Frameworks */ = {isa = PBXBuildFile; productRef = 47ABA88EB97275BFA6257FC4 /* Persistence */; };
		E096D8AE12B95CF41216E24A /* ListStoreMoveRowsTests.swift in Sources */ = {isa = PBXBuildFile; fileRef = 4D3A9CA1FB7108141AF8DD65 /* ListStoreMoveRowsTests.swift */; };
		E731AD8C658639540717B0BB /* OPMLCodecTests.swift in Sources */ = {isa = PBXBuildFile; fileRef = 6AA9A0A5D91B13E21074CB49 /* OPMLCodecTests.swift */; };
		F9FE080FF103C37461C4160B /* Domain in Frameworks */ = {isa = PBXBuildFile; productRef = 3330C307246A95A02800DF07 /* Domain */; };
		FA63F8923574826BD852C3AA /* ContentViewExportFilenameTests.swift in Sources */ = {isa = PBXBuildFile; fileRef = 64C6D5584915F7AEEC43C04F /* ContentViewExportFilenameTests.swift */; };
		FE5EE6A68054C8CFBE2A481E /* Persistence in Frameworks */ = {isa = PBXBuildFile; productRef = 4F9ABDA1284B5E70CD556299 /* Persistence */; };
/* End PBXBuildFile section */

/* Begin PBXContainerItemProxy section */
		1F8A6D2272504DA5A4CC4962 /* PBXContainerItemProxy */ = {
			isa = PBXContainerItemProxy;
			containerPortal = 1DB703B63C48DF0C8E3F8BAC /* Project object */;
			proxyType = 1;
			remoteGlobalIDString = EEDD7F1DFF04B1A1CBADA0BD;
			remoteInfo = Listsurf_iOS;
		};
		45C8D54742048074353002DD /* PBXContainerItemProxy */ = {
			isa = PBXContainerItemProxy;
			containerPortal = 1DB703B63C48DF0C8E3F8BAC /* Project object */;
			proxyType = 1;
			remoteGlobalIDString = D86EAE2EF6BC0A1393BBFDD3;
			remoteInfo = Listsurf_macOS;
		};
/* End PBXContainerItemProxy section */

/* Begin PBXFileReference section */
		198D797D3237629D84D6574A /* TreeEngineReorderTests.swift */ = {isa = PBXFileReference; lastKnownFileType = sourcecode.swift; path = TreeEngineReorderTests.swift; sourceTree = "<group>"; };
		21F7BF9402B30E3EAA895E98 /* Listsurf_macOSLogicTests.xctest */ = {isa = PBXFileReference; explicitFileType = wrapper.cfbundle; includeInIndex = 0; path = Listsurf_macOSLogicTests.xctest; sourceTree = BUILT_PRODUCTS_DIR; };
		2FFBF19226830B81281F5E84 /* Listsurf_macOS.entitlements */ = {isa = PBXFileReference; lastKnownFileType = text.plist.entitlements; path = Listsurf_macOS.entitlements; sourceTree = "<group>"; };
		381BB974398C3B1771AC6076 /* ListsurfApp.swift */ = {isa = PBXFileReference; lastKnownFileType = sourcecode.swift; path = ListsurfApp.swift; sourceTree = "<group>"; };
		442B43B6390F4FF4A5BBB824 /* Listsurf_iOSUITests.swift */ = {isa = PBXFileReference; lastKnownFileType = sourcecode.swift; path = Listsurf_iOSUITests.swift; sourceTree = "<group>"; };
		468653C87021C1129C8D3CE2 /* Listsurf_macOSUITests.swift */ = {isa = PBXFileReference; lastKnownFileType = sourcecode.swift; path = Listsurf_macOSUITests.swift; sourceTree = "<group>"; };
		4D3A9CA1FB7108141AF8DD65 /* ListStoreMoveRowsTests.swift */ = {isa = PBXFileReference; lastKnownFileType = sourcecode.swift; path = ListStoreMoveRowsTests.swift; sourceTree = "<group>"; };
		6108498B78633A46A33B8646 /* TreeEngineTests.swift */ = {isa = PBXFileReference; lastKnownFileType = sourcecode.swift; path = TreeEngineTests.swift; sourceTree = "<group>"; };
		6333E421FA3C467DD6B1FC32 /* PersistenceStackTests.swift */ = {isa = PBXFileReference; lastKnownFileType = sourcecode.swift; path = PersistenceStackTests.swift; sourceTree = "<group>"; };
		64C6D5584915F7AEEC43C04F /* ContentViewExportFilenameTests.swift */ = {isa = PBXFileReference; lastKnownFileType = sourcecode.swift; path = ContentViewExportFilenameTests.swift; sourceTree = "<group>"; };
		64EEE7C32951799279EFE079 /* AppStoreExportImportTests.swift */ = {isa = PBXFileReference; lastKnownFileType = sourcecode.swift; path = AppStoreExportImportTests.swift; sourceTree = "<group>"; };
		6AA9A0A5D91B13E21074CB49 /* OPMLCodecTests.swift */ = {isa = PBXFileReference; lastKnownFileType = sourcecode.swift; path = OPMLCodecTests.swift; sourceTree = "<group>"; };
		6E66F8E41A2C38C6BAAC47A9 /* Listsurf.app */ = {isa = PBXFileReference; includeInIndex = 0; lastKnownFileType = wrapper.application; path = Listsurf.app; sourceTree = BUILT_PRODUCTS_DIR; };
		84528739F5651E7226F1D938 /* ListStoreUndoTests.swift */ = {isa = PBXFileReference; lastKnownFileType = sourcecode.swift; path = ListStoreUndoTests.swift; sourceTree = "<group>"; };
		92BEDA56DBA6A454E8568D06 /* ListStoreCheckToggleTests.swift */ = {isa = PBXFileReference; lastKnownFileType = sourcecode.swift; path = ListStoreCheckToggleTests.swift; sourceTree = "<group>"; };
		941D111D6BECE669A5DF61BE /* Listsurf_iOSLogicTests.xctest */ = {isa = PBXFileReference; includeInIndex = 0; lastKnownFileType = wrapper.cfbundle; path = Listsurf_iOSLogicTests.xctest; sourceTree = BUILT_PRODUCTS_DIR; };
		9B4ED75FAE369D28532E3998 /* listsurf */ = {isa = PBXFileReference; lastKnownFileType = folder; name = listsurf; path = .; sourceTree = SOURCE_ROOT; };
		A027FEDAF26D882F14D99A7F /* MarkdownExportTests.swift */ = {isa = PBXFileReference; lastKnownFileType = sourcecode.swift; path = MarkdownExportTests.swift; sourceTree = "<group>"; };
		BB05726F36C05D4DFF6B7603 /* ImportPlannerTests.swift */ = {isa = PBXFileReference; lastKnownFileType = sourcecode.swift; path = ImportPlannerTests.swift; sourceTree = "<group>"; };
		BB4BB5FF121D8510A85F9237 /* ExportTests.swift */ = {isa = PBXFileReference; lastKnownFileType = sourcecode.swift; path = ExportTests.swift; sourceTree = "<group>"; };
		C0000389AECEE218E691E647 /* Info.plist */ = {isa = PBXFileReference; lastKnownFileType = text.plist; path = Info.plist; sourceTree = "<group>"; };
		D44A2C096FC174F53C7FDAD4 /* Listsurf.app */ = {isa = PBXFileReference; explicitFileType = wrapper.application; includeInIndex = 0; path = Listsurf.app; sourceTree = BUILT_PRODUCTS_DIR; };
		E596D00A45E2A16387F9EBBA /* Assets.xcassets */ = {isa = PBXFileReference; lastKnownFileType = folder.assetcatalog; path = Assets.xcassets; sourceTree = "<group>"; };
		EA6AD7120BBA722213D66A24 /* Listsurf_macOSUITests.xctest */ = {isa = PBXFileReference; explicitFileType = wrapper.cfbundle; includeInIndex = 0; path = Listsurf_macOSUITests.xctest; sourceTree = BUILT_PRODUCTS_DIR; };
		F00F5DBB30801B63485ECB9D /* CoreDataDiagnosticsTests.swift */ = {isa = PBXFileReference; lastKnownFileType = sourcecode.swift; path = CoreDataDiagnosticsTests.swift; sourceTree = "<group>"; };
		FC95DFD9A1535CA110E3DB8D /* PrivacyInfo.xcprivacy */ = {isa = PBXFileReference; path = PrivacyInfo.xcprivacy; sourceTree = "<group>"; };
		FD47F2E0D8AB9E6BCAA24598 /* ListStorePersistenceTests.swift */ = {isa = PBXFileReference; lastKnownFileType = sourcecode.swift; path = ListStorePersistenceTests.swift; sourceTree = "<group>"; };
		FE49A4249F72A4A5922141B4 /* Listsurf_iOSUITests.xctest */ = {isa = PBXFileReference; includeInIndex = 0; lastKnownFileType = wrapper.cfbundle; path = Listsurf_iOSUITests.xctest; sourceTree = BUILT_PRODUCTS_DIR; };
/* End PBXFileReference section */

/* Begin PBXFrameworksBuildPhase section */
		9EB09369F338F6B44D39B23B /* Frameworks */ = {
			isa = PBXFrameworksBuildPhase;
			buildActionMask = 2147483647;
			files = (
				D2BE1E360A276E8D91FA6339 /* Features in Frameworks */,
				77789F2FB1C9230335FBEF72 /* Domain in Frameworks */,
				DF012DBA6E76A1B0016B569D /* Persistence in Frameworks */,
			);
			runOnlyForDeploymentPostprocessing = 0;
		};
		D8662013E9819D905BFB94F9 /* Frameworks */ = {
			isa = PBXFrameworksBuildPhase;
			buildActionMask = 2147483647;
			files = (
				6331436AB3C6050915EE3A52 /* Domain in Frameworks */,
				FE5EE6A68054C8CFBE2A481E /* Persistence in Frameworks */,
				485C8EB6EC889B0B510968F7 /* Features in Frameworks */,
			);
			runOnlyForDeploymentPostprocessing = 0;
		};
		E6AF5F5AADD96362EBAEC76A /* Frameworks */ = {
			isa = PBXFrameworksBuildPhase;
			buildActionMask = 2147483647;
			files = (
				0A16651A7BC95F88103BA122 /* Domain in Frameworks */,
				5C43F676AEA4A4B113CE6D43 /* Persistence in Frameworks */,
				52CFADE9A0AFF4F8638BBC40 /* Features in Frameworks */,
			);
			runOnlyForDeploymentPostprocessing = 0;
		};
		FC160DB07E09C72F590BEF97 /* Frameworks */ = {
			isa = PBXFrameworksBuildPhase;
			buildActionMask = 2147483647;
			files = (
				D62EBE8307D37ECE74897052 /* Features in Frameworks */,
				F9FE080FF103C37461C4160B /* Domain in Frameworks */,
				04D73B890EB765A6881B7365 /* Persistence in Frameworks */,
			);
			runOnlyForDeploymentPostprocessing = 0;
		};
/* End PBXFrameworksBuildPhase section */

/* Begin PBXGroup section */
		16E000DFFAC1188B813F4574 = {
			isa = PBXGroup;
			children = (
				2CCF868C3E7D611435267A0A /* App */,
				968FA7395B6015387FFDD8C6 /* Packages */,
				5F33861646174B898CCF8F45 /* Tests */,
				7FE7990AF7649E4D59228D93 /* Products */,
			);
			sourceTree = "<group>";
		};
		2CCF868C3E7D611435267A0A /* App */ = {
			isa = PBXGroup;
			children = (
				E596D00A45E2A16387F9EBBA /* Assets.xcassets */,
				C0000389AECEE218E691E647 /* Info.plist */,
				2FFBF19226830B81281F5E84 /* Listsurf_macOS.entitlements */,
				381BB974398C3B1771AC6076 /* ListsurfApp.swift */,
				FC95DFD9A1535CA110E3DB8D /* PrivacyInfo.xcprivacy */,
			);
			path = App;
			sourceTree = "<group>";
		};
		5235ACD1F75B67E86609AD77 /* DomainTests */ = {
			isa = PBXGroup;
			children = (
				BB4BB5FF121D8510A85F9237 /* ExportTests.swift */,
				BB05726F36C05D4DFF6B7603 /* ImportPlannerTests.swift */,
				A027FEDAF26D882F14D99A7F /* MarkdownExportTests.swift */,
				6AA9A0A5D91B13E21074CB49 /* OPMLCodecTests.swift */,
				198D797D3237629D84D6574A /* TreeEngineReorderTests.swift */,
				6108498B78633A46A33B8646 /* TreeEngineTests.swift */,
			);
			path = DomainTests;
			sourceTree = "<group>";
		};
		5F33861646174B898CCF8F45 /* Tests */ = {
			isa = PBXGroup;
			children = (
				5235ACD1F75B67E86609AD77 /* DomainTests */,
				A5F92740711CE9A95FE6E203 /* FeaturesTests */,
				93A0813F1863D88D729EC8CB /* iOSUITests */,
				B951F74DFA2444BC80CB605A /* macOSUITests */,
				998DF1D8EB7C92BC871FA41B /* PersistenceTests */,
			);
			path = Tests;
			sourceTree = "<group>";
		};
		7FE7990AF7649E4D59228D93 /* Products */ = {
			isa = PBXGroup;
			children = (
				941D111D6BECE669A5DF61BE /* Listsurf_iOSLogicTests.xctest */,
				FE49A4249F72A4A5922141B4 /* Listsurf_iOSUITests.xctest */,
				21F7BF9402B30E3EAA895E98 /* Listsurf_macOSLogicTests.xctest */,
				EA6AD7120BBA722213D66A24 /* Listsurf_macOSUITests.xctest */,
				6E66F8E41A2C38C6BAAC47A9 /* Listsurf.app */,
				D44A2C096FC174F53C7FDAD4 /* Listsurf.app */,
			);
			name = Products;
			sourceTree = "<group>";
		};
		93A0813F1863D88D729EC8CB /* iOSUITests */ = {
			isa = PBXGroup;
			children = (
				442B43B6390F4FF4A5BBB824 /* Listsurf_iOSUITests.swift */,
			);
			path = iOSUITests;
			sourceTree = "<group>";
		};
		968FA7395B6015387FFDD8C6 /* Packages */ = {
			isa = PBXGroup;
			children = (
				9B4ED75FAE369D28532E3998 /* listsurf */,
			);
			name = Packages;
			sourceTree = "<group>";
		};
		998DF1D8EB7C92BC871FA41B /* PersistenceTests */ = {
			isa = PBXGroup;
			children = (
				F00F5DBB30801B63485ECB9D /* CoreDataDiagnosticsTests.swift */,
				6333E421FA3C467DD6B1FC32 /* PersistenceStackTests.swift */,
			);
			path = PersistenceTests;
			sourceTree = "<group>";
		};
		A5F92740711CE9A95FE6E203 /* FeaturesTests */ = {
			isa = PBXGroup;
			children = (
				64EEE7C32951799279EFE079 /* AppStoreExportImportTests.swift */,
				64C6D5584915F7AEEC43C04F /* ContentViewExportFilenameTests.swift */,
				92BEDA56DBA6A454E8568D06 /* ListStoreCheckToggleTests.swift */,
				4D3A9CA1FB7108141AF8DD65 /* ListStoreMoveRowsTests.swift */,
				FD47F2E0D8AB9E6BCAA24598 /* ListStorePersistenceTests.swift */,
				84528739F5651E7226F1D938 /* ListStoreUndoTests.swift */,
			);
			path = FeaturesTests;
			sourceTree = "<group>";
		};
		B951F74DFA2444BC80CB605A /* macOSUITests */ = {
			isa = PBXGroup;
			children = (
				468653C87021C1129C8D3CE2 /* Listsurf_macOSUITests.swift */,
			);
			path = macOSUITests;
			sourceTree = "<group>";
		};
/* End PBXGroup section */

/* Begin PBXNativeTarget section */
		08C5D2D20A5BA06B8FC8BCB2 /* Listsurf_macOSUITests */ = {
			isa = PBXNativeTarget;
			buildConfigurationList = 668CD2B92105D0AB7F1A778A /* Build configuration list for PBXNativeTarget "Listsurf_macOSUITests" */;
			buildPhases = (
				90AD267AB7D9318AEAC0FAFD /* Sources */,
			);
			buildRules = (
			);
			dependencies = (
				D46D92152A7E88F9E87319B5 /* PBXTargetDependency */,
			);
			name = Listsurf_macOSUITests;
			packageProductDependencies = (
			);
			productName = Listsurf_macOSUITests;
			productReference = EA6AD7120BBA722213D66A24 /* Listsurf_macOSUITests.xctest */;
			productType = "com.apple.product-type.bundle.ui-testing";
		};
		0B454C1499D96F633875713B /* Listsurf_macOSLogicTests */ = {
			isa = PBXNativeTarget;
			buildConfigurationList = B72A5F6C9367A0DB82A06253 /* Build configuration list for PBXNativeTarget "Listsurf_macOSLogicTests" */;
			buildPhases = (
				A39C13479487B6FB7B80EC38 /* Sources */,
				D8662013E9819D905BFB94F9 /* Frameworks */,
			);
			buildRules = (
			);
			dependencies = (
			);
			name = Listsurf_macOSLogicTests;
			packageProductDependencies = (
				4601F91B9DF59FFDE1B64DC9 /* Domain */,
				4F9ABDA1284B5E70CD556299 /* Persistence */,
				612D6A7467094FC9D904EF31 /* Features */,
			);
			productName = Listsurf_macOSLogicTests;
			productReference = 21F7BF9402B30E3EAA895E98 /* Listsurf_macOSLogicTests.xctest */;
			productType = "com.apple.product-type.bundle.unit-test";
		};
		D86EAE2EF6BC0A1393BBFDD3 /* Listsurf_macOS */ = {
			isa = PBXNativeTarget;
			buildConfigurationList = 95FCED017E50EF7400CAD417 /* Build configuration list for PBXNativeTarget "Listsurf_macOS" */;
			buildPhases = (
				C253B4E261FE4FAFCBAD445B /* Sources */,
				9BDF5D3B2E468EAD4346AD42 /* Resources */,
				FC160DB07E09C72F590BEF97 /* Frameworks */,
			);
			buildRules = (
			);
			dependencies = (
			);
			name = Listsurf_macOS;
			packageProductDependencies = (
				74D3E44A8AB016EAD31E55B4 /* Features */,
				3330C307246A95A02800DF07 /* Domain */,
				F1D39B35E5B78D7039B7946C /* Persistence */,
			);
			productName = Listsurf_macOS;
			productReference = D44A2C096FC174F53C7FDAD4 /* Listsurf.app */;
			productType = "com.apple.product-type.application";
		};
		DCF5BB030AB752CEE5A05438 /* Listsurf_iOSUITests */ = {
			isa = PBXNativeTarget;
			buildConfigurationList = ECD5571534BA8CC64048630F /* Build configuration list for PBXNativeTarget "Listsurf_iOSUITests" */;
			buildPhases = (
				1FFD6A6EDB7B4FE7B8600755 /* Sources */,
			);
			buildRules = (
			);
			dependencies = (
				F0ED4CE3DECE486866BBC7C2 /* PBXTargetDependency */,
			);
			name = Listsurf_iOSUITests;
			packageProductDependencies = (
			);
			productName = Listsurf_iOSUITests;
			productReference = FE49A4249F72A4A5922141B4 /* Listsurf_iOSUITests.xctest */;
			productType = "com.apple.product-type.bundle.ui-testing";
		};
		E64DDBA03E458DF78B099382 /* Listsurf_iOSLogicTests */ = {
			isa = PBXNativeTarget;
			buildConfigurationList = 9B2C6592B7858B62194CB094 /* Build configuration list for PBXNativeTarget "Listsurf_iOSLogicTests" */;
			buildPhases = (
				C58CDCB96AE60AB913665864 /* Sources */,
				E6AF5F5AADD96362EBAEC76A /* Frameworks */,
			);
			buildRules = (
			);
			dependencies = (
			);
			name = Listsurf_iOSLogicTests;
			packageProductDependencies = (
				A97A64D9B8B5FCB4F4596254 /* Domain */,
				ACB2D7DD86014ED66252B5A0 /* Persistence */,
				15D449EADD6AB0B1808B7799 /* Features */,
			);
			productName = Listsurf_iOSLogicTests;
			productReference = 941D111D6BECE669A5DF61BE /* Listsurf_iOSLogicTests.xctest */;
			productType = "com.apple.product-type.bundle.unit-test";
		};
		EEDD7F1DFF04B1A1CBADA0BD /* Listsurf_iOS */ = {
			isa = PBXNativeTarget;
			buildConfigurationList = D29D751AB88A3A6497C6B13A /* Build configuration list for PBXNativeTarget "Listsurf_iOS" */;
			buildPhases = (
				9FCCD39A7B84D80A8C747FD2 /* Sources */,
				6CCE2A49CB3351A7E91682FA /* Resources */,
				9EB09369F338F6B44D39B23B /* Frameworks */,
			);
			buildRules = (
			);
			dependencies = (
			);
			name = Listsurf_iOS;
			packageProductDependencies = (
				EC2DEADB41298DF100C18397 /* Features */,
				BCE6AF1EC704498F1C09F7A6 /* Domain */,
				47ABA88EB97275BFA6257FC4 /* Persistence */,
			);
			productName = Listsurf_iOS;
			productReference = 6E66F8E41A2C38C6BAAC47A9 /* Listsurf.app */;
			productType = "com.apple.product-type.application";
		};
/* End PBXNativeTarget section */

/* Begin PBXProject section */
		1DB703B63C48DF0C8E3F8BAC /* Project object */ = {
			isa = PBXProject;
			attributes = {
				BuildIndependentTargetsInParallel = YES;
				LastUpgradeCheck = 2650;
				TargetAttributes = {
					08C5D2D20A5BA06B8FC8BCB2 = {
						TestTargetID = D86EAE2EF6BC0A1393BBFDD3;
					};
					D86EAE2EF6BC0A1393BBFDD3 = {
						DevelopmentTeam = BH65T3A7FT;
						ProvisioningStyle = Automatic;
					};
					DCF5BB030AB752CEE5A05438 = {
						TestTargetID = EEDD7F1DFF04B1A1CBADA0BD;
					};
					EEDD7F1DFF04B1A1CBADA0BD = {
						DevelopmentTeam = BH65T3A7FT;
						ProvisioningStyle = Automatic;
					};
				};
			};
			buildConfigurationList = B44902698240F048146AE4CB /* Build configuration list for PBXProject "Listsurf" */;
			developmentRegion = en;
			hasScannedForEncodings = 0;
			knownRegions = (
				Base,
				en,
			);
			mainGroup = 16E000DFFAC1188B813F4574;
			minimizedProjectReferenceProxies = 1;
			packageReferences = (
				DB0FBC4EEEA960AAD68476B5 /* XCLocalSwiftPackageReference "." */,
			);
			preferredProjectObjectVersion = 77;
			productRefGroup = 7FE7990AF7649E4D59228D93 /* Products */;
			projectDirPath = "";
			projectRoot = "";
			targets = (
				EEDD7F1DFF04B1A1CBADA0BD /* Listsurf_iOS */,
				E64DDBA03E458DF78B099382 /* Listsurf_iOSLogicTests */,
				DCF5BB030AB752CEE5A05438 /* Listsurf_iOSUITests */,
				D86EAE2EF6BC0A1393BBFDD3 /* Listsurf_macOS */,
				0B454C1499D96F633875713B /* Listsurf_macOSLogicTests */,
				08C5D2D20A5BA06B8FC8BCB2 /* Listsurf_macOSUITests */,
			);
		};
/* End PBXProject section */

/* Begin PBXResourcesBuildPhase section */
		6CCE2A49CB3351A7E91682FA /* Resources */ = {
			isa = PBXResourcesBuildPhase;
			buildActionMask = 2147483647;
			files = (
				C18AB7AA988149D102942319 /* Assets.xcassets in Resources */,
				9242FA81FFD089CCB8C72B63 /* PrivacyInfo.xcprivacy in Resources */,
			);
			runOnlyForDeploymentPostprocessing = 0;
		};
		9BDF5D3B2E468EAD4346AD42 /* Resources */ = {
			isa = PBXResourcesBuildPhase;
			buildActionMask = 2147483647;
			files = (
				4FD8A8185A90100AC9BA72BD /* Assets.xcassets in Resources */,
				5AA8BA968490582CBD4D4A1F /* PrivacyInfo.xcprivacy in Resources */,
			);
			runOnlyForDeploymentPostprocessing = 0;
		};
/* End PBXResourcesBuildPhase section */

/* Begin PBXSourcesBuildPhase section */
		1FFD6A6EDB7B4FE7B8600755 /* Sources */ = {
			isa = PBXSourcesBuildPhase;
			buildActionMask = 2147483647;
			files = (
				7047217D18C44730B4BEF665 /* Listsurf_iOSUITests.swift in Sources */,
			);
			runOnlyForDeploymentPostprocessing = 0;
		};
		90AD267AB7D9318AEAC0FAFD /* Sources */ = {
			isa = PBXSourcesBuildPhase;
			buildActionMask = 2147483647;
			files = (
				585C2BC4AA461CAC38E1ADF1 /* Listsurf_macOSUITests.swift in Sources */,
			);
			runOnlyForDeploymentPostprocessing = 0;
		};
		9FCCD39A7B84D80A8C747FD2 /* Sources */ = {
			isa = PBXSourcesBuildPhase;
			buildActionMask = 2147483647;
			files = (
				387B386B50AD3FF3A2D18E2F /* ListsurfApp.swift in Sources */,
			);
			runOnlyForDeploymentPostprocessing = 0;
		};
		A39C13479487B6FB7B80EC38 /* Sources */ = {
			isa = PBXSourcesBuildPhase;
			buildActionMask = 2147483647;
			files = (
				1BC21E1BC964B3FB71DCB5D4 /* AppStoreExportImportTests.swift in Sources */,
				2B1A03CA895B6A5178659361 /* ContentViewExportFilenameTests.swift in Sources */,
				AE30AE8EAC74D8A8E27BA9B9 /* CoreDataDiagnosticsTests.swift in Sources */,
				7315A5141C567537F2DFED4D /* ExportTests.swift in Sources */,
				7F536B17988859A1A0E6CE8D /* ImportPlannerTests.swift in Sources */,
				404060D2BD0DBA7CE3977DF6 /* ListStoreCheckToggleTests.swift in Sources */,
				74976407D02C234C4EEB5AFE /* ListStoreMoveRowsTests.swift in Sources */,
				A1B6F4D2AF103C5CE9C88F24 /* ListStorePersistenceTests.swift in Sources */,
				6D130EE30C03B2A9A9C87D1C /* ListStoreUndoTests.swift in Sources */,
				72E37402CBE9B6CDF02BC66A /* MarkdownExportTests.swift in Sources */,
				E731AD8C658639540717B0BB /* OPMLCodecTests.swift in Sources */,
				1A0B5D5277CE53A65FA6D7B6 /* PersistenceStackTests.swift in Sources */,
				060D8771CE9E027FCDB09ACE /* TreeEngineReorderTests.swift in Sources */,
				C42829FB4DE842A49C741970 /* TreeEngineTests.swift in Sources */,
			);
			runOnlyForDeploymentPostprocessing = 0;
		};
		C253B4E261FE4FAFCBAD445B /* Sources */ = {
			isa = PBXSourcesBuildPhase;
			buildActionMask = 2147483647;
			files = (
				2B3F5E9CDDF2664F3C8C13BA /* ListsurfApp.swift in Sources */,
			);
			runOnlyForDeploymentPostprocessing = 0;
		};
		C58CDCB96AE60AB913665864 /* Sources */ = {
			isa = PBXSourcesBuildPhase;
			buildActionMask = 2147483647;
			files = (
				45E7E4865D76EEA6B4A807A6 /* AppStoreExportImportTests.swift in Sources */,
				FA63F8923574826BD852C3AA /* ContentViewExportFilenameTests.swift in Sources */,
				7E5FF0F83CE1C5DED47A3B12 /* CoreDataDiagnosticsTests.swift in Sources */,
				D30AAFEBE521108DCF654301 /* ExportTests.swift in Sources */,
				261BE58F845B63AB922A6903 /* ImportPlannerTests.swift in Sources */,
				B62174526586EA4AC072F989 /* ListStoreCheckToggleTests.swift in Sources */,
				E096D8AE12B95CF41216E24A /* ListStoreMoveRowsTests.swift in Sources */,
				464DB6D8F9509B3663C8A70D /* ListStorePersistenceTests.swift in Sources */,
				D3DE5C20F7AEFF32B52FD30B /* ListStoreUndoTests.swift in Sources */,
				99D6D9D58C32F6B7485CF6D0 /* MarkdownExportTests.swift in Sources */,
				A64BCEA857B955D99E0EDCAD /* OPMLCodecTests.swift in Sources */,
				300AA94F0D7736B139E2CED3 /* PersistenceStackTests.swift in Sources */,
				7870DB278F633C353CC2C732 /* TreeEngineReorderTests.swift in Sources */,
				614C0A70EC2A23C336024AC3 /* TreeEngineTests.swift in Sources */,
			);
			runOnlyForDeploymentPostprocessing = 0;
		};
/* End PBXSourcesBuildPhase section */

/* Begin PBXTargetDependency section */
		D46D92152A7E88F9E87319B5 /* PBXTargetDependency */ = {
			isa = PBXTargetDependency;
			target = D86EAE2EF6BC0A1393BBFDD3 /* Listsurf_macOS */;
			targetProxy = 45C8D54742048074353002DD /* PBXContainerItemProxy */;
		};
		F0ED4CE3DECE486866BBC7C2 /* PBXTargetDependency */ = {
			isa = PBXTargetDependency;
			target = EEDD7F1DFF04B1A1CBADA0BD /* Listsurf_iOS */;
			targetProxy = 1F8A6D2272504DA5A4CC4962 /* PBXContainerItemProxy */;
		};
/* End PBXTargetDependency section */

/* Begin XCBuildConfiguration section */
		01010E978FE2E43CB90C5399 /* Release */ = {
			isa = XCBuildConfiguration;
			buildSettings = {
				ASSETCATALOG_COMPILER_APPICON_NAME = AppIcon;
				"CODE_SIGN_ENTITLEMENTS[sdk=macosx*]" = App/Listsurf_macOS.entitlements;
				CODE_SIGN_STYLE = Automatic;
				COMBINE_HIDPI_IMAGES = YES;
				CURRENT_PROJECT_VERSION = 2;
				DEVELOPMENT_TEAM = BH65T3A7FT;
				GENERATE_INFOPLIST_FILE = YES;
				INFOPLIST_FILE = App/Info.plist;
				INFOPLIST_KEY_CFBundleDisplayName = Listsurf;
				LD_RUNPATH_SEARCH_PATHS = (
					"$(inherited)",
					"@executable_path/../Frameworks",
				);
				MARKETING_VERSION = 1.0.0;
				PRODUCT_BUNDLE_IDENTIFIER = net.vorwaller.listsurf;
				PRODUCT_NAME = Listsurf;
				SDKROOT = macosx;
			};
			name = Release;
		};
		27EAFDBFD5B20A87D971A4A2 /* Release */ = {
			isa = XCBuildConfiguration;
			buildSettings = {
				ALWAYS_SEARCH_USER_PATHS = NO;
				CLANG_ANALYZER_NONNULL = YES;
				CLANG_ANALYZER_NUMBER_OBJECT_CONVERSION = YES_AGGRESSIVE;
				CLANG_CXX_LANGUAGE_STANDARD = "gnu++14";
				CLANG_CXX_LIBRARY = "libc++";
				CLANG_ENABLE_MODULES = YES;
				CLANG_ENABLE_OBJC_ARC = YES;
				CLANG_ENABLE_OBJC_WEAK = YES;
				CLANG_WARN_BLOCK_CAPTURE_AUTORELEASING = YES;
				CLANG_WARN_BOOL_CONVERSION = YES;
				CLANG_WARN_COMMA = YES;
				CLANG_WARN_CONSTANT_CONVERSION = YES;
				CLANG_WARN_DEPRECATED_OBJC_IMPLEMENTATIONS = YES;
				CLANG_WARN_DIRECT_OBJC_ISA_USAGE = YES_ERROR;
				CLANG_WARN_DOCUMENTATION_COMMENTS = YES;
				CLANG_WARN_EMPTY_BODY = YES;
				CLANG_WARN_ENUM_CONVERSION = YES;
				CLANG_WARN_INFINITE_RECURSION = YES;
				CLANG_WARN_INT_CONVERSION = YES;
				CLANG_WARN_NON_LITERAL_NULL_CONVERSION = YES;
				CLANG_WARN_OBJC_IMPLICIT_RETAIN_SELF = YES;
				CLANG_WARN_OBJC_LITERAL_CONVERSION = YES;
				CLANG_WARN_OBJC_ROOT_CLASS = YES_ERROR;
				CLANG_WARN_QUOTED_INCLUDE_IN_FRAMEWORK_HEADER = YES;
				CLANG_WARN_RANGE_LOOP_ANALYSIS = YES;
				CLANG_WARN_STRICT_PROTOTYPES = YES;
				CLANG_WARN_SUSPICIOUS_MOVE = YES;
				CLANG_WARN_UNGUARDED_AVAILABILITY = YES_AGGRESSIVE;
				CLANG_WARN_UNREACHABLE_CODE = YES;
				CLANG_WARN__DUPLICATE_METHOD_MATCH = YES;
				COPY_PHASE_STRIP = NO;
				DEBUG_INFORMATION_FORMAT = "dwarf-with-dsym";
				ENABLE_NS_ASSERTIONS = NO;
				ENABLE_STRICT_OBJC_MSGSEND = YES;
				GCC_C_LANGUAGE_STANDARD = gnu11;
				GCC_NO_COMMON_BLOCKS = YES;
				GCC_WARN_64_TO_32_BIT_CONVERSION = YES;
				GCC_WARN_ABOUT_RETURN_TYPE = YES_ERROR;
				GCC_WARN_UNDECLARED_SELECTOR = YES;
				GCC_WARN_UNINITIALIZED_AUTOS = YES_AGGRESSIVE;
				GCC_WARN_UNUSED_FUNCTION = YES;
				GCC_WARN_UNUSED_VARIABLE = YES;
				IPHONEOS_DEPLOYMENT_TARGET = 18.0;
				MACOSX_DEPLOYMENT_TARGET = 15.0;
				MTL_ENABLE_DEBUG_INFO = NO;
				MTL_FAST_MATH = YES;
				PRODUCT_NAME = "$(TARGET_NAME)";
				SWIFT_COMPILATION_MODE = wholemodule;
				SWIFT_OPTIMIZATION_LEVEL = "-O";
				SWIFT_STRICT_CONCURRENCY = complete;
				SWIFT_VERSION = 6.0;
			};
			name = Release;
		};
		3289FD9670D2118F405E74A2 /* Debug */ = {
			isa = XCBuildConfiguration;
			buildSettings = {
				BUNDLE_LOADER = "$(TEST_HOST)";
				COMBINE_HIDPI_IMAGES = YES;
				GENERATE_INFOPLIST_FILE = YES;
				LD_RUNPATH_SEARCH_PATHS = (
					"$(inherited)",
					"@executable_path/../Frameworks",
					"@loader_path/../Frameworks",
				);
				PRODUCT_BUNDLE_IDENTIFIER = net.vorwaller.listsurf.tests.macos.logic;
				SDKROOT = macosx;
				SWIFT_STRICT_CONCURRENCY = complete;
				SWIFT_VERSION = 6.0;
			};
			name = Debug;
		};
		5B4E6810DB6D78447FCB7D29 /* Release */ = {
			isa = XCBuildConfiguration;
			buildSettings = {
				BUNDLE_LOADER = "$(TEST_HOST)";
				COMBINE_HIDPI_IMAGES = YES;
				GENERATE_INFOPLIST_FILE = YES;
				LD_RUNPATH_SEARCH_PATHS = (
					"$(inherited)",
					"@executable_path/../Frameworks",
					"@loader_path/../Frameworks",
				);
				PRODUCT_BUNDLE_IDENTIFIER = net.vorwaller.listsurf.tests.macos.logic;
				SDKROOT = macosx;
				SWIFT_STRICT_CONCURRENCY = complete;
				SWIFT_VERSION = 6.0;
			};
			name = Release;
		};
		693169E05638BCDC933123E1 /* Release */ = {
			isa = XCBuildConfiguration;
			buildSettings = {
				BUNDLE_LOADER = "$(TEST_HOST)";
				GENERATE_INFOPLIST_FILE = YES;
				LD_RUNPATH_SEARCH_PATHS = (
					"$(inherited)",
					"@executable_path/Frameworks",
					"@loader_path/Frameworks",
				);
				PRODUCT_BUNDLE_IDENTIFIER = net.vorwaller.listsurf.tests.ios.logic;
				SDKROOT = iphoneos;
				SWIFT_STRICT_CONCURRENCY = complete;
				SWIFT_VERSION = 6.0;
				TARGETED_DEVICE_FAMILY = "1,2";
			};
			name = Release;
		};
		6EE47F35DFBB303DD913D3C2 /* Release */ = {
			isa = XCBuildConfiguration;
			buildSettings = {
				ASSETCATALOG_COMPILER_APPICON_NAME = AppIcon;
				"CODE_SIGN_ENTITLEMENTS[sdk=macosx*]" = App/Listsurf_macOS.entitlements;
				CODE_SIGN_IDENTITY = "iPhone Developer";
				CODE_SIGN_STYLE = Automatic;
				CURRENT_PROJECT_VERSION = 2;
				DEVELOPMENT_TEAM = BH65T3A7FT;
				GENERATE_INFOPLIST_FILE = YES;
				INFOPLIST_FILE = App/Info.plist;
				INFOPLIST_KEY_CFBundleDisplayName = Listsurf;
				LD_RUNPATH_SEARCH_PATHS = (
					"$(inherited)",
					"@executable_path/Frameworks",
				);
				MARKETING_VERSION = 1.0.0;
				PRODUCT_BUNDLE_IDENTIFIER = net.vorwaller.listsurf;
				PRODUCT_NAME = Listsurf;
				SDKROOT = iphoneos;
				TARGETED_DEVICE_FAMILY = "1,2";
			};
			name = Release;
		};
		8DA309EDA2BCA51986823805 /* Debug */ = {
			isa = XCBuildConfiguration;
			buildSettings = {
				ALWAYS_SEARCH_USER_PATHS = NO;
				CLANG_ANALYZER_NONNULL = YES;
				CLANG_ANALYZER_NUMBER_OBJECT_CONVERSION = YES_AGGRESSIVE;
				CLANG_CXX_LANGUAGE_STANDARD = "gnu++14";
				CLANG_CXX_LIBRARY = "libc++";
				CLANG_ENABLE_MODULES = YES;
				CLANG_ENABLE_OBJC_ARC = YES;
				CLANG_ENABLE_OBJC_WEAK = YES;
				CLANG_WARN_BLOCK_CAPTURE_AUTORELEASING = YES;
				CLANG_WARN_BOOL_CONVERSION = YES;
				CLANG_WARN_COMMA = YES;
				CLANG_WARN_CONSTANT_CONVERSION = YES;
				CLANG_WARN_DEPRECATED_OBJC_IMPLEMENTATIONS = YES;
				CLANG_WARN_DIRECT_OBJC_ISA_USAGE = YES_ERROR;
				CLANG_WARN_DOCUMENTATION_COMMENTS = YES;
				CLANG_WARN_EMPTY_BODY = YES;
				CLANG_WARN_ENUM_CONVERSION = YES;
				CLANG_WARN_INFINITE_RECURSION = YES;
				CLANG_WARN_INT_CONVERSION = YES;
				CLANG_WARN_NON_LITERAL_NULL_CONVERSION = YES;
				CLANG_WARN_OBJC_IMPLICIT_RETAIN_SELF = YES;
				CLANG_WARN_OBJC_LITERAL_CONVERSION = YES;
				CLANG_WARN_OBJC_ROOT_CLASS = YES_ERROR;
				CLANG_WARN_QUOTED_INCLUDE_IN_FRAMEWORK_HEADER = YES;
				CLANG_WARN_RANGE_LOOP_ANALYSIS = YES;
				CLANG_WARN_STRICT_PROTOTYPES = YES;
				CLANG_WARN_SUSPICIOUS_MOVE = YES;
				CLANG_WARN_UNGUARDED_AVAILABILITY = YES_AGGRESSIVE;
				CLANG_WARN_UNREACHABLE_CODE = YES;
				CLANG_WARN__DUPLICATE_METHOD_MATCH = YES;
				COPY_PHASE_STRIP = NO;
				DEBUG_INFORMATION_FORMAT = dwarf;
				ENABLE_STRICT_OBJC_MSGSEND = YES;
				ENABLE_TESTABILITY = YES;
				GCC_C_LANGUAGE_STANDARD = gnu11;
				GCC_DYNAMIC_NO_PIC = NO;
				GCC_NO_COMMON_BLOCKS = YES;
				GCC_OPTIMIZATION_LEVEL = 0;
				GCC_PREPROCESSOR_DEFINITIONS = (
					"$(inherited)",
					"DEBUG=1",
				);
				GCC_WARN_64_TO_32_BIT_CONVERSION = YES;
				GCC_WARN_ABOUT_RETURN_TYPE = YES_ERROR;
				GCC_WARN_UNDECLARED_SELECTOR = YES;
				GCC_WARN_UNINITIALIZED_AUTOS = YES_AGGRESSIVE;
				GCC_WARN_UNUSED_FUNCTION = YES;
				GCC_WARN_UNUSED_VARIABLE = YES;
				IPHONEOS_DEPLOYMENT_TARGET = 18.0;
				MACOSX_DEPLOYMENT_TARGET = 15.0;
				MTL_ENABLE_DEBUG_INFO = INCLUDE_SOURCE;
				MTL_FAST_MATH = YES;
				ONLY_ACTIVE_ARCH = YES;
				PRODUCT_NAME = "$(TARGET_NAME)";
				SWIFT_ACTIVE_COMPILATION_CONDITIONS = DEBUG;
				SWIFT_OPTIMIZATION_LEVEL = "-Onone";
				SWIFT_STRICT_CONCURRENCY = complete;
				SWIFT_VERSION = 6.0;
			};
			name = Debug;
		};
		8FE9E12E94C35D21CC5C9BEA /* Release */ = {
			isa = XCBuildConfiguration;
			buildSettings = {
				BUNDLE_LOADER = "$(TEST_HOST)";
				COMBINE_HIDPI_IMAGES = YES;
				GENERATE_INFOPLIST_FILE = YES;
				LD_RUNPATH_SEARCH_PATHS = (
					"$(inherited)",
					"@executable_path/Frameworks",
					"@loader_path/Frameworks",
				);
				PRODUCT_BUNDLE_IDENTIFIER = net.vorwaller.listsurf.tests.macos.ui;
				SDKROOT = macosx;
				SWIFT_VERSION = 6.0;
				TEST_TARGET_NAME = Listsurf_macOS;
			};
			name = Release;
		};
		A4D4F8A2F1089E02ECC2CE10 /* Debug */ = {
			isa = XCBuildConfiguration;
			buildSettings = {
				BUNDLE_LOADER = "$(TEST_HOST)";
				GENERATE_INFOPLIST_FILE = YES;
				LD_RUNPATH_SEARCH_PATHS = (
					"$(inherited)",
					"@executable_path/Frameworks",
					"@loader_path/Frameworks",
				);
				PRODUCT_BUNDLE_IDENTIFIER = net.vorwaller.listsurf.tests.ios.ui;
				SDKROOT = iphoneos;
				SWIFT_VERSION = 6.0;
				TARGETED_DEVICE_FAMILY = "1,2";
				TEST_TARGET_NAME = Listsurf_iOS;
			};
			name = Debug;
		};
		C049F8DA0D86308A3B299F96 /* Debug */ = {
			isa = XCBuildConfiguration;
			buildSettings = {
				ASSETCATALOG_COMPILER_APPICON_NAME = AppIcon;
				"CODE_SIGN_ENTITLEMENTS[sdk=macosx*]" = App/Listsurf_macOS.entitlements;
				CODE_SIGN_STYLE = Automatic;
				COMBINE_HIDPI_IMAGES = YES;
				CURRENT_PROJECT_VERSION = 2;
				DEVELOPMENT_TEAM = BH65T3A7FT;
				GENERATE_INFOPLIST_FILE = YES;
				INFOPLIST_FILE = App/Info.plist;
				INFOPLIST_KEY_CFBundleDisplayName = Listsurf;
				LD_RUNPATH_SEARCH_PATHS = (
					"$(inherited)",
					"@executable_path/../Frameworks",
				);
				MARKETING_VERSION = 1.0.0;
				PRODUCT_BUNDLE_IDENTIFIER = net.vorwaller.listsurf;
				PRODUCT_NAME = Listsurf;
				SDKROOT = macosx;
			};
			name = Debug;
		};
		CC65AC1ADDEC75AECD820B58 /* Debug */ = {
			isa = XCBuildConfiguration;
			buildSettings = {
				BUNDLE_LOADER = "$(TEST_HOST)";
				COMBINE_HIDPI_IMAGES = YES;
				GENERATE_INFOPLIST_FILE = YES;
				LD_RUNPATH_SEARCH_PATHS = (
					"$(inherited)",
					"@executable_path/Frameworks",
					"@loader_path/Frameworks",
				);
				PRODUCT_BUNDLE_IDENTIFIER = net.vorwaller.listsurf.tests.macos.ui;
				SDKROOT = macosx;
				SWIFT_VERSION = 6.0;
				TEST_TARGET_NAME = Listsurf_macOS;
			};
			name = Debug;
		};
		E2F9650B8947C67D2B7F5E0B /* Debug */ = {
			isa = XCBuildConfiguration;
			buildSettings = {
				BUNDLE_LOADER = "$(TEST_HOST)";
				GENERATE_INFOPLIST_FILE = YES;
				LD_RUNPATH_SEARCH_PATHS = (
					"$(inherited)",
					"@executable_path/Frameworks",
					"@loader_path/Frameworks",
				);
				PRODUCT_BUNDLE_IDENTIFIER = net.vorwaller.listsurf.tests.ios.logic;
				SDKROOT = iphoneos;
				SWIFT_STRICT_CONCURRENCY = complete;
				SWIFT_VERSION = 6.0;
				TARGETED_DEVICE_FAMILY = "1,2";
			};
			name = Debug;
		};
		EBB6D0A3AC1D936D0BA2E28D /* Release */ = {
			isa = XCBuildConfiguration;
			buildSettings = {
				BUNDLE_LOADER = "$(TEST_HOST)";
				GENERATE_INFOPLIST_FILE = YES;
				LD_RUNPATH_SEARCH_PATHS = (
					"$(inherited)",
					"@executable_path/Frameworks",
					"@loader_path/Frameworks",
				);
				PRODUCT_BUNDLE_IDENTIFIER = net.vorwaller.listsurf.tests.ios.ui;
				SDKROOT = iphoneos;
				SWIFT_VERSION = 6.0;
				TARGETED_DEVICE_FAMILY = "1,2";
				TEST_TARGET_NAME = Listsurf_iOS;
			};
			name = Release;
		};
		F56016A9A752A9D151B2EF3E /* Debug */ = {
			isa = XCBuildConfiguration;
			buildSettings = {
				ASSETCATALOG_COMPILER_APPICON_NAME = AppIcon;
				"CODE_SIGN_ENTITLEMENTS[sdk=macosx*]" = App/Listsurf_macOS.entitlements;
				CODE_SIGN_IDENTITY = "iPhone Developer";
				CODE_SIGN_STYLE = Automatic;
				CURRENT_PROJECT_VERSION = 2;
				DEVELOPMENT_TEAM = BH65T3A7FT;
				GENERATE_INFOPLIST_FILE = YES;
				INFOPLIST_FILE = App/Info.plist;
				INFOPLIST_KEY_CFBundleDisplayName = Listsurf;
				LD_RUNPATH_SEARCH_PATHS = (
					"$(inherited)",
					"@executable_path/Frameworks",
				);
				MARKETING_VERSION = 1.0.0;
				PRODUCT_BUNDLE_IDENTIFIER = net.vorwaller.listsurf;
				PRODUCT_NAME = Listsurf;
				SDKROOT = iphoneos;
				TARGETED_DEVICE_FAMILY = "1,2";
			};
			name = Debug;
		};
/* End XCBuildConfiguration section */

/* Begin XCConfigurationList section */
		668CD2B92105D0AB7F1A778A /* Build configuration list for PBXNativeTarget "Listsurf_macOSUITests" */ = {
			isa = XCConfigurationList;
			buildConfigurations = (
				CC65AC1ADDEC75AECD820B58 /* Debug */,
				8FE9E12E94C35D21CC5C9BEA /* Release */,
			);
			defaultConfigurationIsVisible = 0;
			defaultConfigurationName = Debug;
		};
		95FCED017E50EF7400CAD417 /* Build configuration list for PBXNativeTarget "Listsurf_macOS" */ = {
			isa = XCConfigurationList;
			buildConfigurations = (
				C049F8DA0D86308A3B299F96 /* Debug */,
				01010E978FE2E43CB90C5399 /* Release */,
			);
			defaultConfigurationIsVisible = 0;
			defaultConfigurationName = Debug;
		};
		9B2C6592B7858B62194CB094 /* Build configuration list for PBXNativeTarget "Listsurf_iOSLogicTests" */ = {
			isa = XCConfigurationList;
			buildConfigurations = (
				E2F9650B8947C67D2B7F5E0B /* Debug */,
				693169E05638BCDC933123E1 /* Release */,
			);
			defaultConfigurationIsVisible = 0;
			defaultConfigurationName = Debug;
		};
		B44902698240F048146AE4CB /* Build configuration list for PBXProject "Listsurf" */ = {
			isa = XCConfigurationList;
			buildConfigurations = (
				8DA309EDA2BCA51986823805 /* Debug */,
				27EAFDBFD5B20A87D971A4A2 /* Release */,
			);
			defaultConfigurationIsVisible = 0;
			defaultConfigurationName = Debug;
		};
		B72A5F6C9367A0DB82A06253 /* Build configuration list for PBXNativeTarget "Listsurf_macOSLogicTests" */ = {
			isa = XCConfigurationList;
			buildConfigurations = (
				3289FD9670D2118F405E74A2 /* Debug */,
				5B4E6810DB6D78447FCB7D29 /* Release */,
			);
			defaultConfigurationIsVisible = 0;
			defaultConfigurationName = Debug;
		};
		D29D751AB88A3A6497C6B13A /* Build configuration list for PBXNativeTarget "Listsurf_iOS" */ = {
			isa = XCConfigurationList;
			buildConfigurations = (
				F56016A9A752A9D151B2EF3E /* Debug */,
				6EE47F35DFBB303DD913D3C2 /* Release */,
			);
			defaultConfigurationIsVisible = 0;
			defaultConfigurationName = Debug;
		};
		ECD5571534BA8CC64048630F /* Build configuration list for PBXNativeTarget "Listsurf_iOSUITests" */ = {
			isa = XCConfigurationList;
			buildConfigurations = (
				A4D4F8A2F1089E02ECC2CE10 /* Debug */,
				EBB6D0A3AC1D936D0BA2E28D /* Release */,
			);
			defaultConfigurationIsVisible = 0;
			defaultConfigurationName = Debug;
		};
/* End XCConfigurationList section */

/* Begin XCLocalSwiftPackageReference section */
		DB0FBC4EEEA960AAD68476B5 /* XCLocalSwiftPackageReference "." */ = {
			isa = XCLocalSwiftPackageReference;
			relativePath = .;
		};
/* End XCLocalSwiftPackageReference section */

/* Begin XCSwiftPackageProductDependency section */
		15D449EADD6AB0B1808B7799 /* Features */ = {
			isa = XCSwiftPackageProductDependency;
			productName = Features;
		};
		3330C307246A95A02800DF07 /* Domain */ = {
			isa = XCSwiftPackageProductDependency;
			productName = Domain;
		};
		4601F91B9DF59FFDE1B64DC9 /* Domain */ = {
			isa = XCSwiftPackageProductDependency;
			productName = Domain;
		};
		47ABA88EB97275BFA6257FC4 /* Persistence */ = {
			isa = XCSwiftPackageProductDependency;
			productName = Persistence;
		};
		4F9ABDA1284B5E70CD556299 /* Persistence */ = {
			isa = XCSwiftPackageProductDependency;
			productName = Persistence;
		};
		612D6A7467094FC9D904EF31 /* Features */ = {
			isa = XCSwiftPackageProductDependency;
			productName = Features;
		};
		74D3E44A8AB016EAD31E55B4 /* Features */ = {
			isa = XCSwiftPackageProductDependency;
			productName = Features;
		};
		A97A64D9B8B5FCB4F4596254 /* Domain */ = {
			isa = XCSwiftPackageProductDependency;
			productName = Domain;
		};
		ACB2D7DD86014ED66252B5A0 /* Persistence */ = {
			isa = XCSwiftPackageProductDependency;
			productName = Persistence;
		};
		BCE6AF1EC704498F1C09F7A6 /* Domain */ = {
			isa = XCSwiftPackageProductDependency;
			productName = Domain;
		};
		EC2DEADB41298DF100C18397 /* Features */ = {
			isa = XCSwiftPackageProductDependency;
			productName = Features;
		};
		F1D39B35E5B78D7039B7946C /* Persistence */ = {
			isa = XCSwiftPackageProductDependency;
			productName = Persistence;
		};
/* End XCSwiftPackageProductDependency section */
	};
	rootObject = 1DB703B63C48DF0C8E3F8BAC /* Project object */;
}
